
Microsoft Visual Studio Solution File, Format Version 12.00
# Visual Studio 2012
Project("{2150E333-8FDC-42A3-9474-1A3956D46DE8}") = "Model", "Model", "{2ABCAA2C-F3C3-4B3F-9D9F-9AFE90D0BC1A}"
EndProject
Project("{2150E333-8FDC-42A3-9474-1A3956D46DE8}") = "Presentation", "Presentation", "{1383DCA0-2CA4-4616-B408-B31B60B9AA9A}"
EndProject
Project("{2150E333-8FDC-42A3-9474-1A3956D46DE8}") = "Business", "Business", "{BB6A5B0F-49A8-44AD-A123-C1087C022D89}"
EndProject
Project("{2150E333-8FDC-42A3-9474-1A3956D46DE8}") = "Data", "Data", "{286F6C45-4BF2-4F12-90E8-E3D5A6474FAD}"
EndProject
Project("{2150E333-8FDC-42A3-9474-1A3956D46DE8}") = "Factory", "Factory", "{F3E060C5-8CF3-44AA-8281-8FAC351158D9}"
EndProject
Project("{2150E333-8FDC-42A3-9474-1A3956D46DE8}") = "Test", "Test", "{7654B618-62BF-4F83-9D0E-143630F557DC}"
EndProject
Project("{2150E333-8FDC-42A3-9474-1A3956D46DE8}") = "Service", "Service", "{76E0B12E-93F5-481B-B782-DCBF36954DFF}"
EndProject
Project("{2150E333-8FDC-42A3-9474-1A3956D46DE8}") = "_Complements", "_Complements", "{B6593F15-F5A5-4D77-9886-F09E29E28034}"
EndProject
Project("{2150E333-8FDC-42A3-9474-1A3956D46DE8}") = "Diagrams", "Diagrams", "{AC331B69-B96D-477B-9390-B5AE70740C02}"
EndProject
Project("{2150E333-8FDC-42A3-9474-1A3956D46DE8}") = "Documents", "Documents", "{3C75EC9F-FC99-4D33-A484-DC1944E4E49C}"
EndProject
Project("{2150E333-8FDC-42A3-9474-1A3956D46DE8}") = "Database", "Database", "{5E3CEBBD-F773-43A1-9180-8722C8851FD6}"
EndProject
Project("{2150E333-8FDC-42A3-9474-1A3956D46DE8}") = "Templates", "Templates", "{B6388B7F-C93D-4C20-8DE2-0C86887FC078}"
	ProjectSection(SolutionItems) = preProject
		Complements\Templates\TemplateDependencyInjection.xml = Complements\Templates\TemplateDependencyInjection.xml
	EndProjectSection
EndProject
Project("{2150E333-8FDC-42A3-9474-1A3956D46DE8}") = "_Playground", "_Playground", "{14475A93-A77F-44D8-A272-CB77CCD73322}"
EndProject
Project("{2150E333-8FDC-42A3-9474-1A3956D46DE8}") = "Comments", "Comments", "{981AD685-F49C-46CE-9572-35A4B637C29C}"
EndProject
Project("{FAE04EC0-301F-11D3-BF4B-00C04F79EFBC}") = "SimplesE.BasicIntegrationConsole", "Playground\SimplesE.BasicIntegrationConsole\SimplesE.BasicIntegrationConsole.csproj", "{5B8DA90E-A854-4D55-8B24-B8583CC84B57}"
	ProjectSection(ProjectDependencies) = postProject
		{1B7128E6-2B3F-4A5B-8D59-2CF83EA0BFA8} = {1B7128E6-2B3F-4A5B-8D59-2CF83EA0BFA8}
	EndProjectSection
EndProject
Project("{FAE04EC0-301F-11D3-BF4B-00C04F79EFBC}") = "SimplesE.Business", "Business\SimplesE.Business\SimplesE.Business.csproj", "{2470A258-132A-4055-AA6C-784413141881}"
EndProject
Project("{FAE04EC0-301F-11D3-BF4B-00C04F79EFBC}") = "SimplesE.Data", "Data\SimplesE.Data\SimplesE.Data.csproj", "{FB65A55A-D8A9-44CF-A272-F52B72D644E3}"
EndProject
Project("{FAE04EC0-301F-11D3-BF4B-00C04F79EFBC}") = "SimplesE.Data.Common", "Data\SimplesE.Data.Common\SimplesE.Data.Common.csproj", "{5AF6650D-8E9A-49EE-BBDD-F8B0EC9401AD}"
EndProject
Project("{FAE04EC0-301F-11D3-BF4B-00C04F79EFBC}") = "SimplesE.Factory.Common", "Factory\SimplesE.Factory.Common\SimplesE.Factory.Common.csproj", "{BBE5838D-0EBF-4E83-AD51-54BC98429D9F}"
EndProject
Project("{FAE04EC0-301F-11D3-BF4B-00C04F79EFBC}") = "SimplesE.Factory", "Factory\SimplesE.Factory\SimplesE.Factory.csproj", "{120A34B6-B79A-4F78-9F9C-2EC8FBAB793D}"
EndProject
Project("{FAE04EC0-301F-11D3-BF4B-00C04F79EFBC}") = "SimplesE.Model", "Model\SimplesE.Model\SimplesE.Model.csproj", "{AE432D75-6A4E-442E-9F43-284C7260DF99}"
EndProject
Project("{FAE04EC0-301F-11D3-BF4B-00C04F79EFBC}") = "SimplesE.Service", "Service\SimplesE.Service\SimplesE.Service.csproj", "{1B7128E6-2B3F-4A5B-8D59-2CF83EA0BFA8}"
EndProject
Global
	GlobalSection(SolutionConfigurationPlatforms) = preSolution
		Debug|Any CPU = Debug|Any CPU
		Release|Any CPU = Release|Any CPU
	EndGlobalSection
	GlobalSection(ProjectConfigurationPlatforms) = postSolution
		{5B8DA90E-A854-4D55-8B24-B8583CC84B57}.Debug|Any CPU.ActiveCfg = Debug|Any CPU
		{5B8DA90E-A854-4D55-8B24-B8583CC84B57}.Debug|Any CPU.Build.0 = Debug|Any CPU
		{5B8DA90E-A854-4D55-8B24-B8583CC84B57}.Release|Any CPU.ActiveCfg = Release|Any CPU
		{5B8DA90E-A854-4D55-8B24-B8583CC84B57}.Release|Any CPU.Build.0 = Release|Any CPU
		{2470A258-132A-4055-AA6C-784413141881}.Debug|Any CPU.ActiveCfg = Debug|Any CPU
		{2470A258-132A-4055-AA6C-784413141881}.Debug|Any CPU.Build.0 = Debug|Any CPU
		{2470A258-132A-4055-AA6C-784413141881}.Release|Any CPU.ActiveCfg = Release|Any CPU
		{2470A258-132A-4055-AA6C-784413141881}.Release|Any CPU.Build.0 = Release|Any CPU
		{FB65A55A-D8A9-44CF-A272-F52B72D644E3}.Debug|Any CPU.ActiveCfg = Debug|Any CPU
		{FB65A55A-D8A9-44CF-A272-F52B72D644E3}.Debug|Any CPU.Build.0 = Debug|Any CPU
		{FB65A55A-D8A9-44CF-A272-F52B72D644E3}.Release|Any CPU.ActiveCfg = Release|Any CPU
		{FB65A55A-D8A9-44CF-A272-F52B72D644E3}.Release|Any CPU.Build.0 = Release|Any CPU
		{5AF6650D-8E9A-49EE-BBDD-F8B0EC9401AD}.Debug|Any CPU.ActiveCfg = Debug|Any CPU
		{5AF6650D-8E9A-49EE-BBDD-F8B0EC9401AD}.Debug|Any CPU.Build.0 = Debug|Any CPU
		{5AF6650D-8E9A-49EE-BBDD-F8B0EC9401AD}.Release|Any CPU.ActiveCfg = Release|Any CPU
		{5AF6650D-8E9A-49EE-BBDD-F8B0EC9401AD}.Release|Any CPU.Build.0 = Release|Any CPU
		{BBE5838D-0EBF-4E83-AD51-54BC98429D9F}.Debug|Any CPU.ActiveCfg = Debug|Any CPU
		{BBE5838D-0EBF-4E83-AD51-54BC98429D9F}.Debug|Any CPU.Build.0 = Debug|Any CPU
		{BBE5838D-0EBF-4E83-AD51-54BC98429D9F}.Release|Any CPU.ActiveCfg = Release|Any CPU
		{BBE5838D-0EBF-4E83-AD51-54BC98429D9F}.Release|Any CPU.Build.0 = Release|Any CPU
		{120A34B6-B79A-4F78-9F9C-2EC8FBAB793D}.Debug|Any CPU.ActiveCfg = Debug|Any CPU
		{120A34B6-B79A-4F78-9F9C-2EC8FBAB793D}.Debug|Any CPU.Build.0 = Debug|Any CPU
		{120A34B6-B79A-4F78-9F9C-2EC8FBAB793D}.Release|Any CPU.ActiveCfg = Release|Any CPU
		{120A34B6-B79A-4F78-9F9C-2EC8FBAB793D}.Release|Any CPU.Build.0 = Release|Any CPU
		{AE432D75-6A4E-442E-9F43-284C7260DF99}.Debug|Any CPU.ActiveCfg = Debug|Any CPU
		{AE432D75-6A4E-442E-9F43-284C7260DF99}.Debug|Any CPU.Build.0 = Debug|Any CPU
		{AE432D75-6A4E-442E-9F43-284C7260DF99}.Release|Any CPU.ActiveCfg = Release|Any CPU
		{AE432D75-6A4E-442E-9F43-284C7260DF99}.Release|Any CPU.Build.0 = Release|Any CPU
		{1B7128E6-2B3F-4A5B-8D59-2CF83EA0BFA8}.Debug|Any CPU.ActiveCfg = Debug|Any CPU
		{1B7128E6-2B3F-4A5B-8D59-2CF83EA0BFA8}.Debug|Any CPU.Build.0 = Debug|Any CPU
		{1B7128E6-2B3F-4A5B-8D59-2CF83EA0BFA8}.Release|Any CPU.ActiveCfg = Release|Any CPU
		{1B7128E6-2B3F-4A5B-8D59-2CF83EA0BFA8}.Release|Any CPU.Build.0 = Release|Any CPU
	EndGlobalSection
	GlobalSection(SolutionProperties) = preSolution
		HideSolutionNode = FALSE
	EndGlobalSection
	GlobalSection(NestedProjects) = preSolution
		{AE432D75-6A4E-442E-9F43-284C7260DF99} = {2ABCAA2C-F3C3-4B3F-9D9F-9AFE90D0BC1A}
		{2470A258-132A-4055-AA6C-784413141881} = {BB6A5B0F-49A8-44AD-A123-C1087C022D89}
		{FB65A55A-D8A9-44CF-A272-F52B72D644E3} = {286F6C45-4BF2-4F12-90E8-E3D5A6474FAD}
		{5AF6650D-8E9A-49EE-BBDD-F8B0EC9401AD} = {286F6C45-4BF2-4F12-90E8-E3D5A6474FAD}
		{BBE5838D-0EBF-4E83-AD51-54BC98429D9F} = {F3E060C5-8CF3-44AA-8281-8FAC351158D9}
		{120A34B6-B79A-4F78-9F9C-2EC8FBAB793D} = {F3E060C5-8CF3-44AA-8281-8FAC351158D9}
		{1B7128E6-2B3F-4A5B-8D59-2CF83EA0BFA8} = {76E0B12E-93F5-481B-B782-DCBF36954DFF}
		{AC331B69-B96D-477B-9390-B5AE70740C02} = {B6593F15-F5A5-4D77-9886-F09E29E28034}
		{3C75EC9F-FC99-4D33-A484-DC1944E4E49C} = {B6593F15-F5A5-4D77-9886-F09E29E28034}
		{5E3CEBBD-F773-43A1-9180-8722C8851FD6} = {B6593F15-F5A5-4D77-9886-F09E29E28034}
		{B6388B7F-C93D-4C20-8DE2-0C86887FC078} = {B6593F15-F5A5-4D77-9886-F09E29E28034}
		{981AD685-F49C-46CE-9572-35A4B637C29C} = {B6593F15-F5A5-4D77-9886-F09E29E28034}
		{5B8DA90E-A854-4D55-8B24-B8583CC84B57} = {14475A93-A77F-44D8-A272-CB77CCD73322}
	EndGlobalSection
EndGlobal
